// !$*UTF8*$!
{
	archiveVersion = 1;
	classes = {
	};
	objectVersion = 56;
	objects = {

/* Begin PBXBuildFile section */
		8B2EE0CD2B46CC630005E3FF /* IAPasset.xcassets in Resources */ = {isa = PBXBuildFile; fileRef = 8B2EE0CC2B46CC630005E3FF /* IAPasset.xcassets */; };
		BC8D28402B2AFFAF008A86D6 /* SubscriptionManager.swift in Sources */ = {isa = PBXBuildFile; fileRef = BC8D28162B2AFFAF008A86D6 /* SubscriptionManager.swift */; };
		BC8D28412B2AFFAF008A86D6 /* SubPurchaseChecker.swift in Sources */ = {isa = PBXBuildFile; fileRef = BC8D28172B2AFFAF008A86D6 /* SubPurchaseChecker.swift */; };
		BC8D28422B2AFFAF008A86D6 /* SubManagerNotificationHandler.swift in Sources */ = {isa = PBXBuildFile; fileRef = BC8D28182B2AFFAF008A86D6 /* SubManagerNotificationHandler.swift */; };
		BC8D28432B2AFFAF008A86D6 /* SubProductLoader.swift in Sources */ = {isa = PBXBuildFile; fileRef = BC8D28192B2AFFAF008A86D6 /* SubProductLoader.swift */; };
		BC8D28442B2AFFAF008A86D6 /* SubManagerNotificationObserver.swift in Sources */ = {isa = PBXBuildFile; fileRef = BC8D281A2B2AFFAF008A86D6 /* SubManagerNotificationObserver.swift */; };
		BC8D28452B2AFFAF008A86D6 /* TopAlertView.xib in Resources */ = {isa = PBXBuildFile; fileRef = BC8D281C2B2AFFAF008A86D6 /* TopAlertView.xib */; };
		BC8D28462B2AFFAF008A86D6 /* TopAlertView.swift in Sources */ = {isa = PBXBuildFile; fileRef = BC8D281D2B2AFFAF008A86D6 /* TopAlertView.swift */; };
		BC8D28472B2AFFAF008A86D6 /* CodableObject.m in Sources */ = {isa = PBXBuildFile; fileRef = BC8D281F2B2AFFAF008A86D6 /* CodableObject.m */; };
		BC8D28482B2AFFAF008A86D6 /* CodableObjectProtocol.h in Headers */ = {isa = PBXBuildFile; fileRef = BC8D28202B2AFFAF008A86D6 /* CodableObjectProtocol.h */; };
		BC8D28492B2AFFAF008A86D6 /* CodableObject.h in Headers */ = {isa = PBXBuildFile; fileRef = BC8D28212B2AFFAF008A86D6 /* CodableObject.h */; };
		BC8D284A2B2AFFAF008A86D6 /* InternetChecker.swift in Sources */ = {isa = PBXBuildFile; fileRef = BC8D28232B2AFFAF008A86D6 /* InternetChecker.swift */; };
		BC8D284B2B2AFFAF008A86D6 /* IAPurchaseHelper.swift in Sources */ = {isa = PBXBuildFile; fileRef = BC8D28252B2AFFAF008A86D6 /* IAPurchaseHelper.swift */; };
		BC8D284C2B2AFFAF008A86D6 /* IAPEvents.swift in Sources */ = {isa = PBXBuildFile; fileRef = BC8D28272B2AFFAF008A86D6 /* IAPEvents.swift */; };
		BC8D284D2B2AFFAF008A86D6 /* IACommonUtils.swift in Sources */ = {isa = PBXBuildFile; fileRef = BC8D28282B2AFFAF008A86D6 /* IACommonUtils.swift */; };
		BC8D284E2B2AFFAF008A86D6 /* CodableObject.swift in Sources */ = {isa = PBXBuildFile; fileRef = BC8D28292B2AFFAF008A86D6 /* CodableObject.swift */; };
		BC8D284F2B2AFFAF008A86D6 /* IAPersistManager.swift in Sources */ = {isa = PBXBuildFile; fileRef = BC8D282A2B2AFFAF008A86D6 /* IAPersistManager.swift */; };
		BC8D28502B2AFFAF008A86D6 /* InAppOperation.swift in Sources */ = {isa = PBXBuildFile; fileRef = BC8D282B2B2AFFAF008A86D6 /* InAppOperation.swift */; };
		BC8D28512B2AFFAF008A86D6 /* TopAlertManager.swift in Sources */ = {isa = PBXBuildFile; fileRef = BC8D282C2B2AFFAF008A86D6 /* TopAlertManager.swift */; };
		BC8D28522B2AFFAF008A86D6 /* IAPurchaseConstants.swift in Sources */ = {isa = PBXBuildFile; fileRef = BC8D282D2B2AFFAF008A86D6 /* IAPurchaseConstants.swift */; };
		BC8D28532B2AFFAF008A86D6 /* SKQueueOperation.swift in Sources */ = {isa = PBXBuildFile; fileRef = BC8D282E2B2AFFAF008A86D6 /* SKQueueOperation.swift */; };
		BC8D28542B2AFFAF008A86D6 /* InAppSession.swift in Sources */ = {isa = PBXBuildFile; fileRef = BC8D28302B2AFFAF008A86D6 /* InAppSession.swift */; };
		BC8D28552B2AFFAF008A86D6 /* InAppProduct.swift in Sources */ = {isa = PBXBuildFile; fileRef = BC8D28312B2AFFAF008A86D6 /* InAppProduct.swift */; };
		BC8D28562B2AFFAF008A86D6 /* ProductIdInfo.swift in Sources */ = {isa = PBXBuildFile; fileRef = BC8D28322B2AFFAF008A86D6 /* ProductIdInfo.swift */; };
		BC8D28572B2AFFAF008A86D6 /* PaymentTrnxObserver.swift in Sources */ = {isa = PBXBuildFile; fileRef = BC8D28342B2AFFAF008A86D6 /* PaymentTrnxObserver.swift */; };
		BC8D28582B2AFFAF008A86D6 /* IAPurchaseHelper+AppStore.swift in Sources */ = {isa = PBXBuildFile; fileRef = BC8D28362B2AFFAF008A86D6 /* IAPurchaseHelper+AppStore.swift */; };
		BC8D28592B2AFFAF008A86D6 /* IAPurchaseHelper+SKQueueOperationDelegate.swift in Sources */ = {isa = PBXBuildFile; fileRef = BC8D28372B2AFFAF008A86D6 /* IAPurchaseHelper+SKQueueOperationDelegate.swift */; };
		BC8D285A2B2AFFAF008A86D6 /* IAPurchaseHelper+Persistency.swift in Sources */ = {isa = PBXBuildFile; fileRef = BC8D28382B2AFFAF008A86D6 /* IAPurchaseHelper+Persistency.swift */; };
		BC8D285B2B2AFFAF008A86D6 /* IAPurchaseHelper+PurchaseChecker.swift in Sources */ = {isa = PBXBuildFile; fileRef = BC8D28392B2AFFAF008A86D6 /* IAPurchaseHelper+PurchaseChecker.swift */; };
		BC8D285C2B2AFFAF008A86D6 /* IAPurchaseHelper+Receipt.swift in Sources */ = {isa = PBXBuildFile; fileRef = BC8D283A2B2AFFAF008A86D6 /* IAPurchaseHelper+Receipt.swift */; };
		BC8D285D2B2AFFAF008A86D6 /* NonRenewSubscriptionProductInfo.swift in Sources */ = {isa = PBXBuildFile; fileRef = BC8D283C2B2AFFAF008A86D6 /* NonRenewSubscriptionProductInfo.swift */; };
		BC8D285E2B2AFFAF008A86D6 /* SubscriptionProductInfo.swift in Sources */ = {isa = PBXBuildFile; fileRef = BC8D283D2B2AFFAF008A86D6 /* SubscriptionProductInfo.swift */; };
		BC8D285F2B2AFFAF008A86D6 /* ConsumableProductInfo.swift in Sources */ = {isa = PBXBuildFile; fileRef = BC8D283E2B2AFFAF008A86D6 /* ConsumableProductInfo.swift */; };
		BC8D28602B2AFFAF008A86D6 /* NonConsumableProductInfo.swift in Sources */ = {isa = PBXBuildFile; fileRef = BC8D283F2B2AFFAF008A86D6 /* NonConsumableProductInfo.swift */; };
		BC8D28632B2AFFE6008A86D6 /* Reachability.swift in Sources */ = {isa = PBXBuildFile; fileRef = BC8D28622B2AFFE6008A86D6 /* Reachability.swift */; };
		BC8D28652B2B0068008A86D6 /* Extension.swift in Sources */ = {isa = PBXBuildFile; fileRef = BC8D28642B2B0068008A86D6 /* Extension.swift */; };
		BC8D287E2B2B06DC008A86D6 /* ProgressHUD+AnimatedIcon.swift in Sources */ = {isa = PBXBuildFile; fileRef = BC8D28772B2B06DC008A86D6 /* ProgressHUD+AnimatedIcon.swift */; };
		BC8D287F2B2B06DC008A86D6 /* ProgressHUD+Animations.swift in Sources */ = {isa = PBXBuildFile; fileRef = BC8D28782B2B06DC008A86D6 /* ProgressHUD+Animations.swift */; };
		BC8D28802B2B06DC008A86D6 /* ProgressView.swift in Sources */ = {isa = PBXBuildFile; fileRef = BC8D28792B2B06DC008A86D6 /* ProgressView.swift */; };
		BC8D28812B2B06DC008A86D6 /* ProgressHUD+Enums.swift in Sources */ = {isa = PBXBuildFile; fileRef = BC8D287A2B2B06DC008A86D6 /* ProgressHUD+Enums.swift */; };
		BC8D28822B2B06DC008A86D6 /* ProgressHUD+Public.swift in Sources */ = {isa = PBXBuildFile; fileRef = BC8D287B2B2B06DC008A86D6 /* ProgressHUD+Public.swift */; };
		BC8D28832B2B06DC008A86D6 /* ProgressHUD.swift in Sources */ = {isa = PBXBuildFile; fileRef = BC8D287C2B2B06DC008A86D6 /* ProgressHUD.swift */; };
		BC8D28842B2B06DC008A86D6 /* ProgressHUD+Banner.swift in Sources */ = {isa = PBXBuildFile; fileRef = BC8D287D2B2B06DC008A86D6 /* ProgressHUD+Banner.swift */; };
		BCE7F6102B298CE3009054FF /* IAPHelper.h in Headers */ = {isa = PBXBuildFile; fileRef = BCE7F60F2B298CE3009054FF /* IAPHelper.h */; settings = {ATTRIBUTES = (Public, ); }; };
/* End PBXBuildFile section */

/* Begin PBXFileReference section */
		8B2EE0CC2B46CC630005E3FF /* IAPasset.xcassets */ = {isa = PBXFileReference; lastKnownFileType = folder.assetcatalog; path = IAPasset.xcassets; sourceTree = "<group>"; };
		BC8D28162B2AFFAF008A86D6 /* SubscriptionManager.swift */ = {isa = PBXFileReference; fileEncoding = 4; lastKnownFileType = sourcecode.swift; path = SubscriptionManager.swift; sourceTree = "<group>"; };
		BC8D28172B2AFFAF008A86D6 /* SubPurchaseChecker.swift */ = {isa = PBXFileReference; fileEncoding = 4; lastKnownFileType = sourcecode.swift; path = SubPurchaseChecker.swift; sourceTree = "<group>"; };
		BC8D28182B2AFFAF008A86D6 /* SubManagerNotificationHandler.swift */ = {isa = PBXFileReference; fileEncoding = 4; lastKnownFileType = sourcecode.swift; path = SubManagerNotificationHandler.swift; sourceTree = "<group>"; };
		BC8D28192B2AFFAF008A86D6 /* SubProductLoader.swift */ = {isa = PBXFileReference; fileEncoding = 4; lastKnownFileType = sourcecode.swift; path = SubProductLoader.swift; sourceTree = "<group>"; };
		BC8D281A2B2AFFAF008A86D6 /* SubManagerNotificationObserver.swift */ = {isa = PBXFileReference; fileEncoding = 4; lastKnownFileType = sourcecode.swift; path = SubManagerNotificationObserver.swift; sourceTree = "<group>"; };
		BC8D281C2B2AFFAF008A86D6 /* TopAlertView.xib */ = {isa = PBXFileReference; fileEncoding = 4; lastKnownFileType = file.xib; path = TopAlertView.xib; sourceTree = "<group>"; };
		BC8D281D2B2AFFAF008A86D6 /* TopAlertView.swift */ = {isa = PBXFileReference; fileEncoding = 4; lastKnownFileType = sourcecode.swift; path = TopAlertView.swift; sourceTree = "<group>"; };
		BC8D281F2B2AFFAF008A86D6 /* CodableObject.m */ = {isa = PBXFileReference; fileEncoding = 4; lastKnownFileType = sourcecode.c.objc; path = CodableObject.m; sourceTree = "<group>"; };
		BC8D28202B2AFFAF008A86D6 /* CodableObjectProtocol.h */ = {isa = PBXFileReference; fileEncoding = 4; lastKnownFileType = sourcecode.c.h; path = CodableObjectProtocol.h; sourceTree = "<group>"; };
		BC8D28212B2AFFAF008A86D6 /* CodableObject.h */ = {isa = PBXFileReference; fileEncoding = 4; lastKnownFileType = sourcecode.c.h; path = CodableObject.h; sourceTree = "<group>"; };
		BC8D28232B2AFFAF008A86D6 /* InternetChecker.swift */ = {isa = PBXFileReference; fileEncoding = 4; lastKnownFileType = sourcecode.swift; path = InternetChecker.swift; sourceTree = "<group>"; };
		BC8D28252B2AFFAF008A86D6 /* IAPurchaseHelper.swift */ = {isa = PBXFileReference; fileEncoding = 4; lastKnownFileType = sourcecode.swift; path = IAPurchaseHelper.swift; sourceTree = "<group>"; };
		BC8D28272B2AFFAF008A86D6 /* IAPEvents.swift */ = {isa = PBXFileReference; fileEncoding = 4; lastKnownFileType = sourcecode.swift; path = IAPEvents.swift; sourceTree = "<group>"; };
		BC8D28282B2AFFAF008A86D6 /* IACommonUtils.swift */ = {isa = PBXFileReference; fileEncoding = 4; lastKnownFileType = sourcecode.swift; path = IACommonUtils.swift; sourceTree = "<group>"; };
		BC8D28292B2AFFAF008A86D6 /* CodableObject.swift */ = {isa = PBXFileReference; fileEncoding = 4; lastKnownFileType = sourcecode.swift; path = CodableObject.swift; sourceTree = "<group>"; };
		BC8D282A2B2AFFAF008A86D6 /* IAPersistManager.swift */ = {isa = PBXFileReference; fileEncoding = 4; lastKnownFileType = sourcecode.swift; path = IAPersistManager.swift; sourceTree = "<group>"; };
		BC8D282B2B2AFFAF008A86D6 /* InAppOperation.swift */ = {isa = PBXFileReference; fileEncoding = 4; lastKnownFileType = sourcecode.swift; path = InAppOperation.swift; sourceTree = "<group>"; };
		BC8D282C2B2AFFAF008A86D6 /* TopAlertManager.swift */ = {isa = PBXFileReference; fileEncoding = 4; lastKnownFileType = sourcecode.swift; path = TopAlertManager.swift; sourceTree = "<group>"; };
		BC8D282D2B2AFFAF008A86D6 /* IAPurchaseConstants.swift */ = {isa = PBXFileReference; fileEncoding = 4; lastKnownFileType = sourcecode.swift; path = IAPurchaseConstants.swift; sourceTree = "<group>"; };
		BC8D282E2B2AFFAF008A86D6 /* SKQueueOperation.swift */ = {isa = PBXFileReference; fileEncoding = 4; lastKnownFileType = sourcecode.swift; path = SKQueueOperation.swift; sourceTree = "<group>"; };
		BC8D28302B2AFFAF008A86D6 /* InAppSession.swift */ = {isa = PBXFileReference; fileEncoding = 4; lastKnownFileType = sourcecode.swift; path = InAppSession.swift; sourceTree = "<group>"; };
		BC8D28312B2AFFAF008A86D6 /* InAppProduct.swift */ = {isa = PBXFileReference; fileEncoding = 4; lastKnownFileType = sourcecode.swift; path = InAppProduct.swift; sourceTree = "<group>"; };
		BC8D28322B2AFFAF008A86D6 /* ProductIdInfo.swift */ = {isa = PBXFileReference; fileEncoding = 4; lastKnownFileType = sourcecode.swift; path = ProductIdInfo.swift; sourceTree = "<group>"; };
		BC8D28342B2AFFAF008A86D6 /* PaymentTrnxObserver.swift */ = {isa = PBXFileReference; fileEncoding = 4; lastKnownFileType = sourcecode.swift; path = PaymentTrnxObserver.swift; sourceTree = "<group>"; };
		BC8D28362B2AFFAF008A86D6 /* IAPurchaseHelper+AppStore.swift */ = {isa = PBXFileReference; fileEncoding = 4; lastKnownFileType = sourcecode.swift; path = "IAPurchaseHelper+AppStore.swift"; sourceTree = "<group>"; };
		BC8D28372B2AFFAF008A86D6 /* IAPurchaseHelper+SKQueueOperationDelegate.swift */ = {isa = PBXFileReference; fileEncoding = 4; lastKnownFileType = sourcecode.swift; path = "IAPurchaseHelper+SKQueueOperationDelegate.swift"; sourceTree = "<group>"; };
		BC8D28382B2AFFAF008A86D6 /* IAPurchaseHelper+Persistency.swift */ = {isa = PBXFileReference; fileEncoding = 4; lastKnownFileType = sourcecode.swift; path = "IAPurchaseHelper+Persistency.swift"; sourceTree = "<group>"; };
		BC8D28392B2AFFAF008A86D6 /* IAPurchaseHelper+PurchaseChecker.swift */ = {isa = PBXFileReference; fileEncoding = 4; lastKnownFileType = sourcecode.swift; path = "IAPurchaseHelper+PurchaseChecker.swift"; sourceTree = "<group>"; };
		BC8D283A2B2AFFAF008A86D6 /* IAPurchaseHelper+Receipt.swift */ = {isa = PBXFileReference; fileEncoding = 4; lastKnownFileType = sourcecode.swift; path = "IAPurchaseHelper+Receipt.swift"; sourceTree = "<group>"; };
		BC8D283C2B2AFFAF008A86D6 /* NonRenewSubscriptionProductInfo.swift */ = {isa = PBXFileReference; fileEncoding = 4; lastKnownFileType = sourcecode.swift; path = NonRenewSubscriptionProductInfo.swift; sourceTree = "<group>"; };
		BC8D283D2B2AFFAF008A86D6 /* SubscriptionProductInfo.swift */ = {isa = PBXFileReference; fileEncoding = 4; lastKnownFileType = sourcecode.swift; path = SubscriptionProductInfo.swift; sourceTree = "<group>"; };
		BC8D283E2B2AFFAF008A86D6 /* ConsumableProductInfo.swift */ = {isa = PBXFileReference; fileEncoding = 4; lastKnownFileType = sourcecode.swift; path = ConsumableProductInfo.swift; sourceTree = "<group>"; };
		BC8D283F2B2AFFAF008A86D6 /* NonConsumableProductInfo.swift */ = {isa = PBXFileReference; fileEncoding = 4; lastKnownFileType = sourcecode.swift; path = NonConsumableProductInfo.swift; sourceTree = "<group>"; };
		BC8D28622B2AFFE6008A86D6 /* Reachability.swift */ = {isa = PBXFileReference; fileEncoding = 4; lastKnownFileType = sourcecode.swift; path = Reachability.swift; sourceTree = "<group>"; };
		BC8D28642B2B0068008A86D6 /* Extension.swift */ = {isa = PBXFileReference; lastKnownFileType = sourcecode.swift; path = Extension.swift; sourceTree = "<group>"; };
		BC8D28772B2B06DC008A86D6 /* ProgressHUD+AnimatedIcon.swift */ = {isa = PBXFileReference; fileEncoding = 4; lastKnownFileType = sourcecode.swift; path = "ProgressHUD+AnimatedIcon.swift"; sourceTree = "<group>"; };
		BC8D28782B2B06DC008A86D6 /* ProgressHUD+Animations.swift */ = {isa = PBXFileReference; fileEncoding = 4; lastKnownFileType = sourcecode.swift; path = "ProgressHUD+Animations.swift"; sourceTree = "<group>"; };
		BC8D28792B2B06DC008A86D6 /* ProgressView.swift */ = {isa = PBXFileReference; fileEncoding = 4; lastKnownFileType = sourcecode.swift; path = ProgressView.swift; sourceTree = "<group>"; };
		BC8D287A2B2B06DC008A86D6 /* ProgressHUD+Enums.swift */ = {isa = PBXFileReference; fileEncoding = 4; lastKnownFileType = sourcecode.swift; path = "ProgressHUD+Enums.swift"; sourceTree = "<group>"; };
		BC8D287B2B2B06DC008A86D6 /* ProgressHUD+Public.swift */ = {isa = PBXFileReference; fileEncoding = 4; lastKnownFileType = sourcecode.swift; path = "ProgressHUD+Public.swift"; sourceTree = "<group>"; };
		BC8D287C2B2B06DC008A86D6 /* ProgressHUD.swift */ = {isa = PBXFileReference; fileEncoding = 4; lastKnownFileType = sourcecode.swift; path = ProgressHUD.swift; sourceTree = "<group>"; };
		BC8D287D2B2B06DC008A86D6 /* ProgressHUD+Banner.swift */ = {isa = PBXFileReference; fileEncoding = 4; lastKnownFileType = sourcecode.swift; path = "ProgressHUD+Banner.swift"; sourceTree = "<group>"; };
		BCE7F60C2B298CE3009054FF /* IAPHelper.framework */ = {isa = PBXFileReference; explicitFileType = wrapper.framework; includeInIndex = 0; path = IAPHelper.framework; sourceTree = BUILT_PRODUCTS_DIR; };
		BCE7F60F2B298CE3009054FF /* IAPHelper.h */ = {isa = PBXFileReference; lastKnownFileType = sourcecode.c.h; path = IAPHelper.h; sourceTree = "<group>"; };
/* End PBXFileReference section */

/* Begin PBXFrameworksBuildPhase section */
		BCE7F6092B298CE3009054FF /* Frameworks */ = {
			isa = PBXFrameworksBuildPhase;
			buildActionMask = 2147483647;
			files = (
			);
			runOnlyForDeploymentPostprocessing = 0;
		};
/* End PBXFrameworksBuildPhase section */

/* Begin PBXGroup section */
		BC8D28142B2AFFAF008A86D6 /* IAPModule */ = {
			isa = PBXGroup;
			children = (
				BC8D28152B2AFFAF008A86D6 /* SubscriptionManager */,
				BC8D281B2B2AFFAF008A86D6 /* AlertFromTop */,
				BC8D281E2B2AFFAF008A86D6 /* CodableObject */,
				BC8D28222B2AFFAF008A86D6 /* InternetChecker */,
				BC8D28242B2AFFAF008A86D6 /* IAPurchaseHelper */,
			);
			path = IAPModule;
			sourceTree = "<group>";
		};
		BC8D28152B2AFFAF008A86D6 /* SubscriptionManager */ = {
			isa = PBXGroup;
			children = (
				BC8D28162B2AFFAF008A86D6 /* SubscriptionManager.swift */,
				BC8D28172B2AFFAF008A86D6 /* SubPurchaseChecker.swift */,
				BC8D28182B2AFFAF008A86D6 /* SubManagerNotificationHandler.swift */,
				BC8D28192B2AFFAF008A86D6 /* SubProductLoader.swift */,
				BC8D281A2B2AFFAF008A86D6 /* SubManagerNotificationObserver.swift */,
			);
			path = SubscriptionManager;
			sourceTree = "<group>";
		};
		BC8D281B2B2AFFAF008A86D6 /* AlertFromTop */ = {
			isa = PBXGroup;
			children = (
				BC8D281C2B2AFFAF008A86D6 /* TopAlertView.xib */,
				BC8D281D2B2AFFAF008A86D6 /* TopAlertView.swift */,
			);
			path = AlertFromTop;
			sourceTree = "<group>";
		};
		BC8D281E2B2AFFAF008A86D6 /* CodableObject */ = {
			isa = PBXGroup;
			children = (
				BC8D281F2B2AFFAF008A86D6 /* CodableObject.m */,
				BC8D28202B2AFFAF008A86D6 /* CodableObjectProtocol.h */,
				BC8D28212B2AFFAF008A86D6 /* CodableObject.h */,
			);
			path = CodableObject;
			sourceTree = "<group>";
		};
		BC8D28222B2AFFAF008A86D6 /* InternetChecker */ = {
			isa = PBXGroup;
			children = (
				BC8D28232B2AFFAF008A86D6 /* InternetChecker.swift */,
			);
			path = InternetChecker;
			sourceTree = "<group>";
		};
		BC8D28242B2AFFAF008A86D6 /* IAPurchaseHelper */ = {
			isa = PBXGroup;
			children = (
				BC8D28252B2AFFAF008A86D6 /* IAPurchaseHelper.swift */,
				BC8D28262B2AFFAF008A86D6 /* Utils */,
				BC8D282F2B2AFFAF008A86D6 /* Models */,
				BC8D28332B2AFFAF008A86D6 /* TransactionObserver */,
				BC8D28352B2AFFAF008A86D6 /* IAPurchaseExtenstions */,
				BC8D283B2B2AFFAF008A86D6 /* ProductInfo */,
			);
			path = IAPurchaseHelper;
			sourceTree = "<group>";
		};
		BC8D28262B2AFFAF008A86D6 /* Utils */ = {
			isa = PBXGroup;
			children = (
				BC8D28272B2AFFAF008A86D6 /* IAPEvents.swift */,
				BC8D28282B2AFFAF008A86D6 /* IACommonUtils.swift */,
				BC8D28292B2AFFAF008A86D6 /* CodableObject.swift */,
				BC8D282A2B2AFFAF008A86D6 /* IAPersistManager.swift */,
				BC8D282B2B2AFFAF008A86D6 /* InAppOperation.swift */,
				BC8D282C2B2AFFAF008A86D6 /* TopAlertManager.swift */,
				BC8D282D2B2AFFAF008A86D6 /* IAPurchaseConstants.swift */,
				BC8D282E2B2AFFAF008A86D6 /* SKQueueOperation.swift */,
			);
			path = Utils;
			sourceTree = "<group>";
		};
		BC8D282F2B2AFFAF008A86D6 /* Models */ = {
			isa = PBXGroup;
			children = (
				BC8D28302B2AFFAF008A86D6 /* InAppSession.swift */,
				BC8D28312B2AFFAF008A86D6 /* InAppProduct.swift */,
				BC8D28322B2AFFAF008A86D6 /* ProductIdInfo.swift */,
			);
			path = Models;
			sourceTree = "<group>";
		};
		BC8D28332B2AFFAF008A86D6 /* TransactionObserver */ = {
			isa = PBXGroup;
			children = (
				BC8D28342B2AFFAF008A86D6 /* PaymentTrnxObserver.swift */,
			);
			path = TransactionObserver;
			sourceTree = "<group>";
		};
		BC8D28352B2AFFAF008A86D6 /* IAPurchaseExtenstions */ = {
			isa = PBXGroup;
			children = (
				BC8D28362B2AFFAF008A86D6 /* IAPurchaseHelper+AppStore.swift */,
				BC8D28372B2AFFAF008A86D6 /* IAPurchaseHelper+SKQueueOperationDelegate.swift */,
				BC8D28382B2AFFAF008A86D6 /* IAPurchaseHelper+Persistency.swift */,
				BC8D28392B2AFFAF008A86D6 /* IAPurchaseHelper+PurchaseChecker.swift */,
				BC8D283A2B2AFFAF008A86D6 /* IAPurchaseHelper+Receipt.swift */,
			);
			path = IAPurchaseExtenstions;
			sourceTree = "<group>";
		};
		BC8D283B2B2AFFAF008A86D6 /* ProductInfo */ = {
			isa = PBXGroup;
			children = (
				BC8D283C2B2AFFAF008A86D6 /* NonRenewSubscriptionProductInfo.swift */,
				BC8D283D2B2AFFAF008A86D6 /* SubscriptionProductInfo.swift */,
				BC8D283E2B2AFFAF008A86D6 /* ConsumableProductInfo.swift */,
				BC8D283F2B2AFFAF008A86D6 /* NonConsumableProductInfo.swift */,
			);
			path = ProductInfo;
			sourceTree = "<group>";
		};
		BC8D28612B2AFFCB008A86D6 /* Supports */ = {
			isa = PBXGroup;
			children = (
				BC8D28762B2B06DC008A86D6 /* ProgressHUD */,
				BC8D28622B2AFFE6008A86D6 /* Reachability.swift */,
				BC8D28642B2B0068008A86D6 /* Extension.swift */,
			);
			path = Supports;
			sourceTree = "<group>";
		};
		BC8D28762B2B06DC008A86D6 /* ProgressHUD */ = {
			isa = PBXGroup;
			children = (
				BC8D28772B2B06DC008A86D6 /* ProgressHUD+AnimatedIcon.swift */,
				BC8D28782B2B06DC008A86D6 /* ProgressHUD+Animations.swift */,
				BC8D28792B2B06DC008A86D6 /* ProgressView.swift */,
				BC8D287A2B2B06DC008A86D6 /* ProgressHUD+Enums.swift */,
				BC8D287B2B2B06DC008A86D6 /* ProgressHUD+Public.swift */,
				BC8D287C2B2B06DC008A86D6 /* ProgressHUD.swift */,
				BC8D287D2B2B06DC008A86D6 /* ProgressHUD+Banner.swift */,
			);
			path = ProgressHUD;
			sourceTree = "<group>";
		};
		BCE7F6022B298CE3009054FF = {
			isa = PBXGroup;
			children = (
				BCE7F60E2B298CE3009054FF /* IAPHelper */,
				BCE7F60D2B298CE3009054FF /* Products */,
			);
			sourceTree = "<group>";
		};
		BCE7F60D2B298CE3009054FF /* Products */ = {
			isa = PBXGroup;
			children = (
				BCE7F60C2B298CE3009054FF /* IAPHelper.framework */,
			);
			name = Products;
			sourceTree = "<group>";
		};
		BCE7F60E2B298CE3009054FF /* IAPHelper */ = {
			isa = PBXGroup;
			children = (
				8B2EE0CC2B46CC630005E3FF /* IAPasset.xcassets */,
				BC8D28612B2AFFCB008A86D6 /* Supports */,
				BC8D28142B2AFFAF008A86D6 /* IAPModule */,
				BCE7F60F2B298CE3009054FF /* IAPHelper.h */,
			);
			path = IAPHelper;
			sourceTree = "<group>";
		};
/* End PBXGroup section */

/* Begin PBXHeadersBuildPhase section */
		BCE7F6072B298CE3009054FF /* Headers */ = {
			isa = PBXHeadersBuildPhase;
			buildActionMask = 2147483647;
			files = (
				BC8D28492B2AFFAF008A86D6 /* CodableObject.h in Headers */,
				BC8D28482B2AFFAF008A86D6 /* CodableObjectProtocol.h in Headers */,
				BCE7F6102B298CE3009054FF /* IAPHelper.h in Headers */,
			);
			runOnlyForDeploymentPostprocessing = 0;
		};
/* End PBXHeadersBuildPhase section */

/* Begin PBXNativeTarget section */
		BCE7F60B2B298CE3009054FF /* IAPHelper */ = {
			isa = PBXNativeTarget;
			buildConfigurationList = BCE7F6132B298CE3009054FF /* Build configuration list for PBXNativeTarget "IAPHelper" */;
			buildPhases = (
				BCE7F6072B298CE3009054FF /* Headers */,
				BCE7F6082B298CE3009054FF /* Sources */,
				BCE7F6092B298CE3009054FF /* Frameworks */,
				BCE7F60A2B298CE3009054FF /* Resources */,
			);
			buildRules = (
			);
			dependencies = (
			);
			name = IAPHelper;
			productName = IAPHelper;
			productReference = BCE7F60C2B298CE3009054FF /* IAPHelper.framework */;
			productType = "com.apple.product-type.framework";
		};
/* End PBXNativeTarget section */

/* Begin PBXProject section */
		BCE7F6032B298CE3009054FF /* Project object */ = {
			isa = PBXProject;
			attributes = {
				BuildIndependentTargetsInParallel = 1;
				LastUpgradeCheck = 1500;
				TargetAttributes = {
					BCE7F60B2B298CE3009054FF = {
						CreatedOnToolsVersion = 15.0.1;
					};
				};
			};
			buildConfigurationList = BCE7F6062B298CE3009054FF /* Build configuration list for PBXProject "IAPHelper" */;
			compatibilityVersion = "Xcode 14.0";
			developmentRegion = en;
			hasScannedForEncodings = 0;
			knownRegions = (
				en,
				Base,
			);
			mainGroup = BCE7F6022B298CE3009054FF;
			productRefGroup = BCE7F60D2B298CE3009054FF /* Products */;
			projectDirPath = "";
			projectRoot = "";
			targets = (
				BCE7F60B2B298CE3009054FF /* IAPHelper */,
			);
		};
/* End PBXProject section */

/* Begin PBXResourcesBuildPhase section */
		BCE7F60A2B298CE3009054FF /* Resources */ = {
			isa = PBXResourcesBuildPhase;
			buildActionMask = 2147483647;
			files = (
				8B2EE0CD2B46CC630005E3FF /* IAPasset.xcassets in Resources */,
				BC8D28452B2AFFAF008A86D6 /* TopAlertView.xib in Resources */,
			);
			runOnlyForDeploymentPostprocessing = 0;
		};
/* End PBXResourcesBuildPhase section */

/* Begin PBXSourcesBuildPhase section */
		BCE7F6082B298CE3009054FF /* Sources */ = {
			isa = PBXSourcesBuildPhase;
			buildActionMask = 2147483647;
			files = (
				BC8D28572B2AFFAF008A86D6 /* PaymentTrnxObserver.swift in Sources */,
				BC8D287F2B2B06DC008A86D6 /* ProgressHUD+Animations.swift in Sources */,
				BC8D28832B2B06DC008A86D6 /* ProgressHUD.swift in Sources */,
				BC8D28402B2AFFAF008A86D6 /* SubscriptionManager.swift in Sources */,
				BC8D287E2B2B06DC008A86D6 /* ProgressHUD+AnimatedIcon.swift in Sources */,
				BC8D285E2B2AFFAF008A86D6 /* SubscriptionProductInfo.swift in Sources */,
				BC8D28472B2AFFAF008A86D6 /* CodableObject.m in Sources */,
				BC8D28412B2AFFAF008A86D6 /* SubPurchaseChecker.swift in Sources */,
				BC8D28532B2AFFAF008A86D6 /* SKQueueOperation.swift in Sources */,
				BC8D28652B2B0068008A86D6 /* Extension.swift in Sources */,
				BC8D28422B2AFFAF008A86D6 /* SubManagerNotificationHandler.swift in Sources */,
				BC8D28552B2AFFAF008A86D6 /* InAppProduct.swift in Sources */,
				BC8D28442B2AFFAF008A86D6 /* SubManagerNotificationObserver.swift in Sources */,
				BC8D28842B2B06DC008A86D6 /* ProgressHUD+Banner.swift in Sources */,
				BC8D285B2B2AFFAF008A86D6 /* IAPurchaseHelper+PurchaseChecker.swift in Sources */,
				BC8D28432B2AFFAF008A86D6 /* SubProductLoader.swift in Sources */,
				BC8D28522B2AFFAF008A86D6 /* IAPurchaseConstants.swift in Sources */,
				BC8D284A2B2AFFAF008A86D6 /* InternetChecker.swift in Sources */,
				BC8D28462B2AFFAF008A86D6 /* TopAlertView.swift in Sources */,
				BC8D285D2B2AFFAF008A86D6 /* NonRenewSubscriptionProductInfo.swift in Sources */,
				BC8D28582B2AFFAF008A86D6 /* IAPurchaseHelper+AppStore.swift in Sources */,
				BC8D28812B2B06DC008A86D6 /* ProgressHUD+Enums.swift in Sources */,
				BC8D28602B2AFFAF008A86D6 /* NonConsumableProductInfo.swift in Sources */,
				BC8D28502B2AFFAF008A86D6 /* InAppOperation.swift in Sources */,
				BC8D28632B2AFFE6008A86D6 /* Reachability.swift in Sources */,
				BC8D28822B2B06DC008A86D6 /* ProgressHUD+Public.swift in Sources */,
				BC8D285A2B2AFFAF008A86D6 /* IAPurchaseHelper+Persistency.swift in Sources */,
				BC8D284B2B2AFFAF008A86D6 /* IAPurchaseHelper.swift in Sources */,
				BC8D284C2B2AFFAF008A86D6 /* IAPEvents.swift in Sources */,
				BC8D285F2B2AFFAF008A86D6 /* ConsumableProductInfo.swift in Sources */,
				BC8D28592B2AFFAF008A86D6 /* IAPurchaseHelper+SKQueueOperationDelegate.swift in Sources */,
				BC8D284F2B2AFFAF008A86D6 /* IAPersistManager.swift in Sources */,
				BC8D284D2B2AFFAF008A86D6 /* IACommonUtils.swift in Sources */,
				BC8D28562B2AFFAF008A86D6 /* ProductIdInfo.swift in Sources */,
				BC8D28542B2AFFAF008A86D6 /* InAppSession.swift in Sources */,
				BC8D284E2B2AFFAF008A86D6 /* CodableObject.swift in Sources */,
				BC8D28802B2B06DC008A86D6 /* ProgressView.swift in Sources */,
				BC8D28512B2AFFAF008A86D6 /* TopAlertManager.swift in Sources */,
				BC8D285C2B2AFFAF008A86D6 /* IAPurchaseHelper+Receipt.swift in Sources */,
			);
			runOnlyForDeploymentPostprocessing = 0;
		};
/* End PBXSourcesBuildPhase section */

/* Begin XCBuildConfiguration section */
		BCE7F6112B298CE3009054FF /* Debug */ = {
			isa = XCBuildConfiguration;
			buildSettings = {
				ALWAYS_SEARCH_USER_PATHS = NO;
				ASSETCATALOG_COMPILER_GENERATE_SWIFT_ASSET_SYMBOL_EXTENSIONS = YES;
				CLANG_ANALYZER_NONNULL = YES;
				CLANG_ANALYZER_NUMBER_OBJECT_CONVERSION = YES_AGGRESSIVE;
				CLANG_CXX_LANGUAGE_STANDARD = "gnu++20";
				CLANG_ENABLE_MODULES = YES;
				CLANG_ENABLE_OBJC_ARC = YES;
				CLANG_ENABLE_OBJC_WEAK = YES;
				CLANG_WARN_BLOCK_CAPTURE_AUTORELEASING = YES;
				CLANG_WARN_BOOL_CONVERSION = YES;
				CLANG_WARN_COMMA = YES;
				CLANG_WARN_CONSTANT_CONVERSION = YES;
				CLANG_WARN_DEPRECATED_OBJC_IMPLEMENTATIONS = YES;
				CLANG_WARN_DIRECT_OBJC_ISA_USAGE = YES_ERROR;
				CLANG_WARN_DOCUMENTATION_COMMENTS = YES;
				CLANG_WARN_EMPTY_BODY = YES;
				CLANG_WARN_ENUM_CONVERSION = YES;
				CLANG_WARN_INFINITE_RECURSION = YES;
				CLANG_WARN_INT_CONVERSION = YES;
				CLANG_WARN_NON_LITERAL_NULL_CONVERSION = YES;
				CLANG_WARN_OBJC_IMPLICIT_RETAIN_SELF = YES;
				CLANG_WARN_OBJC_LITERAL_CONVERSION = YES;
				CLANG_WARN_OBJC_ROOT_CLASS = YES_ERROR;
				CLANG_WARN_QUOTED_INCLUDE_IN_FRAMEWORK_HEADER = YES;
				CLANG_WARN_RANGE_LOOP_ANALYSIS = YES;
				CLANG_WARN_STRICT_PROTOTYPES = YES;
				CLANG_WARN_SUSPICIOUS_MOVE = YES;
				CLANG_WARN_UNGUARDED_AVAILABILITY = YES_AGGRESSIVE;
				CLANG_WARN_UNREACHABLE_CODE = YES;
				CLANG_WARN__DUPLICATE_METHOD_MATCH = YES;
				COPY_PHASE_STRIP = NO;
				CURRENT_PROJECT_VERSION = 1;
				DEBUG_INFORMATION_FORMAT = dwarf;
				ENABLE_STRICT_OBJC_MSGSEND = YES;
				ENABLE_TESTABILITY = YES;
				ENABLE_USER_SCRIPT_SANDBOXING = YES;
				GCC_C_LANGUAGE_STANDARD = gnu17;
				GCC_DYNAMIC_NO_PIC = NO;
				GCC_NO_COMMON_BLOCKS = YES;
				GCC_OPTIMIZATION_LEVEL = 0;
				GCC_PREPROCESSOR_DEFINITIONS = (
					"DEBUG=1",
					"$(inherited)",
				);
				GCC_WARN_64_TO_32_BIT_CONVERSION = YES;
				GCC_WARN_ABOUT_RETURN_TYPE = YES_ERROR;
				GCC_WARN_UNDECLARED_SELECTOR = YES;
				GCC_WARN_UNINITIALIZED_AUTOS = YES_AGGRESSIVE;
				GCC_WARN_UNUSED_FUNCTION = YES;
				GCC_WARN_UNUSED_VARIABLE = YES;
				IPHONEOS_DEPLOYMENT_TARGET = 17.0;
				LOCALIZATION_PREFERS_STRING_CATALOGS = YES;
				MTL_ENABLE_DEBUG_INFO = INCLUDE_SOURCE;
				MTL_FAST_MATH = YES;
				ONLY_ACTIVE_ARCH = YES;
				SDKROOT = iphoneos;
				SWIFT_ACTIVE_COMPILATION_CONDITIONS = "DEBUG $(inherited)";
				SWIFT_OPTIMIZATION_LEVEL = "-Onone";
				VERSIONING_SYSTEM = "apple-generic";
				VERSION_INFO_PREFIX = "";
			};
			name = Debug;
		};
		BCE7F6122B298CE3009054FF /* Release */ = {
			isa = XCBuildConfiguration;
			buildSettings = {
				ALWAYS_SEARCH_USER_PATHS = NO;
				ASSETCATALOG_COMPILER_GENERATE_SWIFT_ASSET_SYMBOL_EXTENSIONS = YES;
				CLANG_ANALYZER_NONNULL = YES;
				CLANG_ANALYZER_NUMBER_OBJECT_CONVERSION = YES_AGGRESSIVE;
				CLANG_CXX_LANGUAGE_STANDARD = "gnu++20";
				CLANG_ENABLE_MODULES = YES;
				CLANG_ENABLE_OBJC_ARC = YES;
				CLANG_ENABLE_OBJC_WEAK = YES;
				CLANG_WARN_BLOCK_CAPTURE_AUTORELEASING = YES;
				CLANG_WARN_BOOL_CONVERSION = YES;
				CLANG_WARN_COMMA = YES;
				CLANG_WARN_CONSTANT_CONVERSION = YES;
				CLANG_WARN_DEPRECATED_OBJC_IMPLEMENTATIONS = YES;
				CLANG_WARN_DIRECT_OBJC_ISA_USAGE = YES_ERROR;
				CLANG_WARN_DOCUMENTATION_COMMENTS = YES;
				CLANG_WARN_EMPTY_BODY = YES;
				CLANG_WARN_ENUM_CONVERSION = YES;
				CLANG_WARN_INFINITE_RECURSION = YES;
				CLANG_WARN_INT_CONVERSION = YES;
				CLANG_WARN_NON_LITERAL_NULL_CONVERSION = YES;
				CLANG_WARN_OBJC_IMPLICIT_RETAIN_SELF = YES;
				CLANG_WARN_OBJC_LITERAL_CONVERSION = YES;
				CLANG_WARN_OBJC_ROOT_CLASS = YES_ERROR;
				CLANG_WARN_QUOTED_INCLUDE_IN_FRAMEWORK_HEADER = YES;
				CLANG_WARN_RANGE_LOOP_ANALYSIS = YES;
				CLANG_WARN_STRICT_PROTOTYPES = YES;
				CLANG_WARN_SUSPICIOUS_MOVE = YES;
				CLANG_WARN_UNGUARDED_AVAILABILITY = YES_AGGRESSIVE;
				CLANG_WARN_UNREACHABLE_CODE = YES;
				CLANG_WARN__DUPLICATE_METHOD_MATCH = YES;
				COPY_PHASE_STRIP = NO;
				CURRENT_PROJECT_VERSION = 1;
				DEBUG_INFORMATION_FORMAT = "dwarf-with-dsym";
				ENABLE_NS_ASSERTIONS = NO;
				ENABLE_STRICT_OBJC_MSGSEND = YES;
				ENABLE_USER_SCRIPT_SANDBOXING = YES;
				GCC_C_LANGUAGE_STANDARD = gnu17;
				GCC_NO_COMMON_BLOCKS = YES;
				GCC_WARN_64_TO_32_BIT_CONVERSION = YES;
				GCC_WARN_ABOUT_RETURN_TYPE = YES_ERROR;
				GCC_WARN_UNDECLARED_SELECTOR = YES;
				GCC_WARN_UNINITIALIZED_AUTOS = YES_AGGRESSIVE;
				GCC_WARN_UNUSED_FUNCTION = YES;
				GCC_WARN_UNUSED_VARIABLE = YES;
				IPHONEOS_DEPLOYMENT_TARGET = 17.0;
				LOCALIZATION_PREFERS_STRING_CATALOGS = YES;
				MTL_ENABLE_DEBUG_INFO = NO;
				MTL_FAST_MATH = YES;
				SDKROOT = iphoneos;
				SWIFT_COMPILATION_MODE = wholemodule;
				VALIDATE_PRODUCT = YES;
				VERSIONING_SYSTEM = "apple-generic";
				VERSION_INFO_PREFIX = "";
			};
			name = Release;
		};
		BCE7F6142B298CE3009054FF /* Debug */ = {
			isa = XCBuildConfiguration;
			buildSettings = {
				CODE_SIGN_IDENTITY = "Apple Development";
				CODE_SIGN_STYLE = Manual;
				CURRENT_PROJECT_VERSION = 1;
				DEFINES_MODULE = YES;
				DEVELOPMENT_TEAM = "";
				DYLIB_COMPATIBILITY_VERSION = 1;
				DYLIB_CURRENT_VERSION = 1;
				DYLIB_INSTALL_NAME_BASE = "@rpath";
				ENABLE_MODULE_VERIFIER = YES;
				GENERATE_INFOPLIST_FILE = YES;
				INFOPLIST_KEY_NSHumanReadableCopyright = "";
				INSTALL_PATH = "$(LOCAL_LIBRARY_DIR)/Frameworks";
				IPHONEOS_DEPLOYMENT_TARGET = 14;
				LD_RUNPATH_SEARCH_PATHS = (
					"$(inherited)",
					"@executable_path/Frameworks",
					"@loader_path/Frameworks",
				);
				MARKETING_VERSION = 1.0;
				MODULE_VERIFIER_SUPPORTED_LANGUAGES = "objective-c objective-c++";
				MODULE_VERIFIER_SUPPORTED_LANGUAGE_STANDARDS = "gnu17 gnu++20";
				"PRODUCT_BUNDLE_IDENTIFIER[sdk=iphoneos*]" = com.color.helper;
				PRODUCT_NAME = "$(TARGET_NAME:c99extidentifier)";
				PROVISIONING_PROFILE_SPECIFIER = "";
				SKIP_INSTALL = YES;
				SWIFT_EMIT_LOC_STRINGS = YES;
				SWIFT_VERSION = 5.0;
				TARGETED_DEVICE_FAMILY = "1,2";
			};
			name = Debug;
		};
		BCE7F6152B298CE3009054FF /* Release */ = {
			isa = XCBuildConfiguration;
			buildSettings = {
				CODE_SIGN_IDENTITY = "Apple Development";
				CODE_SIGN_STYLE = Manual;
				CURRENT_PROJECT_VERSION = 1;
				DEFINES_MODULE = YES;
				DEVELOPMENT_TEAM = "";
				DYLIB_COMPATIBILITY_VERSION = 1;
				DYLIB_CURRENT_VERSION = 1;
				DYLIB_INSTALL_NAME_BASE = "@rpath";
				ENABLE_MODULE_VERIFIER = YES;
				GENERATE_INFOPLIST_FILE = YES;
				INFOPLIST_KEY_NSHumanReadableCopyright = "";
				INSTALL_PATH = "$(LOCAL_LIBRARY_DIR)/Frameworks";
				IPHONEOS_DEPLOYMENT_TARGET = 14;
				LD_RUNPATH_SEARCH_PATHS = (
					"$(inherited)",
					"@executable_path/Frameworks",
					"@loader_path/Frameworks",
				);
				MARKETING_VERSION = 1.0;
				MODULE_VERIFIER_SUPPORTED_LANGUAGES = "objective-c objective-c++";
				MODULE_VERIFIER_SUPPORTED_LANGUAGE_STANDARDS = "gnu17 gnu++20";
				"PRODUCT_BUNDLE_IDENTIFIER[sdk=iphoneos*]" = com.color.helper;
				PRODUCT_NAME = "$(TARGET_NAME:c99extidentifier)";
				PROVISIONING_PROFILE_SPECIFIER = "";
				SKIP_INSTALL = YES;
				SWIFT_EMIT_LOC_STRINGS = YES;
				SWIFT_VERSION = 5.0;
				TARGETED_DEVICE_FAMILY = "1,2";
			};
			name = Release;
		};
/* End XCBuildConfiguration section */

/* Begin XCConfigurationList section */
		BCE7F6062B298CE3009054FF /* Build configuration list for PBXProject "IAPHelper" */ = {
			isa = XCConfigurationList;
			buildConfigurations = (
				BCE7F6112B298CE3009054FF /* Debug */,
				BCE7F6122B298CE3009054FF /* Release */,
			);
			defaultConfigurationIsVisible = 0;
			defaultConfigurationName = Release;
		};
		BCE7F6132B298CE3009054FF /* Build configuration list for PBXNativeTarget "IAPHelper" */ = {
			isa = XCConfigurationList;
			buildConfigurations = (
				BCE7F6142B298CE3009054FF /* Debug */,
				BCE7F6152B298CE3009054FF /* Release */,
			);
			defaultConfigurationIsVisible = 0;
			defaultConfigurationName = Release;
		};
/* End XCConfigurationList section */
	};
	rootObject = BCE7F6032B298CE3009054FF /* Project object */;
}
